{
  "object": {
    "pins": [
      {
        "package": "Network",
        "repositoryURL": "https://gitee.com/cchsora/Network",
        "state": {
          "branch": "2.0",
          "revision": "a5d7359567fe2f5970a04ad5001fdd6582edfa0f",
          "version": null
        }
      }
    ]
  },
  "version": 1
}
