{
  "object": {
    "pins": [
      {
        "package": "Network",
        "repositoryURL": "https://gitee.com/cchsora/Network",
        "state": {
          "branch": "master",
          "revision": "0e4cc157c90a1d7f91819c10916e7dc1dcfa2bad",
          "version": null
        }
      }
    ]
  },
  "version": 1
}
